
Microsoft Visual Studio Solution File, Format Version 12.00
# Visual Studio 14
VisualStudioVersion = 14.0.22823.1
MinimumVisualStudioVersion = 10.0.40219.1
Project("{FAE04EC0-301F-11D3-BF4B-00C04F79EFBC}") = "EntityFrameworkSample", "EntityFrameworkSample\EntityFrameworkSample.csproj", "{4D023E55-A087-4E6C-AFC7-4B1CACDADCDB}"
EndProject
Project("{FAE04EC0-301F-11D3-BF4B-00C04F79EFBC}") = "EntityFrameworkSample.DataAccessLayer", "EntityFrameworkSample.DataAccessLayer\EntityFrameworkSample.DataAccessLayer.csproj", "{41D7F912-BC80-4313-8A8D-51CC5CDA7E67}"
EndProject
Project("{FAE04EC0-301F-11D3-BF4B-00C04F79EFBC}") = "EntityFrameworkSample.Domain", "EntityFrameworkSample.Domain\EntityFrameworkSample.Domain.csproj", "{5418554B-D23B-4D1D-829C-35495594C4C8}"
EndProject
Global
	GlobalSection(SolutionConfigurationPlatforms) = preSolution
		Debug|Any CPU = Debug|Any CPU
		Release|Any CPU = Release|Any CPU
	EndGlobalSection
	GlobalSection(ProjectConfigurationPlatforms) = postSolution
		{4D023E55-A087-4E6C-AFC7-4B1CACDADCDB}.Debug|Any CPU.ActiveCfg = Debug|Any CPU
		{4D023E55-A087-4E6C-AFC7-4B1CACDADCDB}.Debug|Any CPU.Build.0 = Debug|Any CPU
		{4D023E55-A087-4E6C-AFC7-4B1CACDADCDB}.Release|Any CPU.ActiveCfg = Release|Any CPU
		{4D023E55-A087-4E6C-AFC7-4B1CACDADCDB}.Release|Any CPU.Build.0 = Release|Any CPU
		{41D7F912-BC80-4313-8A8D-51CC5CDA7E67}.Debug|Any CPU.ActiveCfg = Debug|Any CPU
		{41D7F912-BC80-4313-8A8D-51CC5CDA7E67}.Debug|Any CPU.Build.0 = Debug|Any CPU
		{41D7F912-BC80-4313-8A8D-51CC5CDA7E67}.Release|Any CPU.ActiveCfg = Release|Any CPU
		{41D7F912-BC80-4313-8A8D-51CC5CDA7E67}.Release|Any CPU.Build.0 = Release|Any CPU
		{5418554B-D23B-4D1D-829C-35495594C4C8}.Debug|Any CPU.ActiveCfg = Debug|Any CPU
		{5418554B-D23B-4D1D-829C-35495594C4C8}.Debug|Any CPU.Build.0 = Debug|Any CPU
		{5418554B-D23B-4D1D-829C-35495594C4C8}.Release|Any CPU.ActiveCfg = Release|Any CPU
		{5418554B-D23B-4D1D-829C-35495594C4C8}.Release|Any CPU.Build.0 = Release|Any CPU
	EndGlobalSection
	GlobalSection(SolutionProperties) = preSolution
		HideSolutionNode = FALSE
	EndGlobalSection
EndGlobal
